
Microsoft Visual Studio Solution File, Format Version 12.00
# Visual Studio Version 17
VisualStudioVersion = 17.1.32210.238
MinimumVisualStudioVersion = 10.0.40219.1
Project("{FAE04EC0-301F-11D3-BF4B-00C04F79EFBC}") = "E3-MDI", "E3-MDI\E3-MDI.csproj", "{C5F7DEC4-4769-452E-8C88-A551D79A15BF}"
EndProject
Global
	GlobalSection(SolutionConfigurationPlatforms) = preSolution
		Debug|Any CPU = Debug|Any CPU
		Release|Any CPU = Release|Any CPU
	EndGlobalSection
	GlobalSection(ProjectConfigurationPlatforms) = postSolution
		{C5F7DEC4-4769-452E-8C88-A551D79A15BF}.Debug|Any CPU.ActiveCfg = Debug|Any CPU
		{C5F7DEC4-4769-452E-8C88-A551D79A15BF}.Debug|Any CPU.Build.0 = Debug|Any CPU
		{C5F7DEC4-4769-452E-8C88-A551D79A15BF}.Release|Any CPU.ActiveCfg = Release|Any CPU
		{C5F7DEC4-4769-452E-8C88-A551D79A15BF}.Release|Any CPU.Build.0 = Release|Any CPU
	EndGlobalSection
	GlobalSection(SolutionProperties) = preSolution
		HideSolutionNode = FALSE
	EndGlobalSection
	GlobalSection(ExtensibilityGlobals) = postSolution
		SolutionGuid = {DC500701-5E7E-4BAF-9652-18E6B3037502}
	EndGlobalSection
EndGlobal
